// !$*UTF8*$!
{
	archiveVersion = 1;
	classes = {
	};
	objectVersion = 56;
	objects = {

/* Begin PBXBuildFile section */
		E137175629C72B5F00F8C12A /* CompleteProfileView.swift in Sources */ = {isa = PBXBuildFile; fileRef = E137175529C72B5F00F8C12A /* CompleteProfileView.swift */; };
		E137175829C80B9200F8C12A /* Firestore Objects.swift in Sources */ = {isa = PBXBuildFile; fileRef = E137175729C80B9200F8C12A /* Firestore Objects.swift */; };
		E137175A29C873BC00F8C12A /* Post.swift in Sources */ = {isa = PBXBuildFile; fileRef = E137175929C873BC00F8C12A /* Post.swift */; };
		E165AF0B29C4305B000E3E57 /* vibelyApp.swift in Sources */ = {isa = PBXBuildFile; fileRef = E165AF0A29C4305B000E3E57 /* vibelyApp.swift */; };
		E165AF0D29C4305B000E3E57 /* MainView.swift in Sources */ = {isa = PBXBuildFile; fileRef = E165AF0C29C4305B000E3E57 /* MainView.swift */; };
		E165AF0F29C4305D000E3E57 /* Assets.xcassets in Resources */ = {isa = PBXBuildFile; fileRef = E165AF0E29C4305D000E3E57 /* Assets.xcassets */; };
		E165AF1229C4305D000E3E57 /* Preview Assets.xcassets in Resources */ = {isa = PBXBuildFile; fileRef = E165AF1129C4305D000E3E57 /* Preview Assets.xcassets */; };
		E165AF1C29C431C2000E3E57 /* SignUpView.swift in Sources */ = {isa = PBXBuildFile; fileRef = E165AF1B29C431C2000E3E57 /* SignUpView.swift */; };
		E165AF1E29C68CDA000E3E57 /* LoginView.swift in Sources */ = {isa = PBXBuildFile; fileRef = E165AF1D29C68CD9000E3E57 /* LoginView.swift */; };
		E165AF2029C68E21000E3E57 /* GoogleService-Info.plist in Resources */ = {isa = PBXBuildFile; fileRef = E165AF1F29C68E21000E3E57 /* GoogleService-Info.plist */; };
		E165AF2329C6902B000E3E57 /* FirebaseAuth in Frameworks */ = {isa = PBXBuildFile; productRef = E165AF2229C6902B000E3E57 /* FirebaseAuth */; };
		E165AF2529C6902B000E3E57 /* FirebaseFirestore in Frameworks */ = {isa = PBXBuildFile; productRef = E165AF2429C6902B000E3E57 /* FirebaseFirestore */; };
		E165AF2729C6902B000E3E57 /* FirebaseFirestoreSwift in Frameworks */ = {isa = PBXBuildFile; productRef = E165AF2629C6902B000E3E57 /* FirebaseFirestoreSwift */; };
		E165AF2A29C691B7000E3E57 /* AuthViewModel.swift in Sources */ = {isa = PBXBuildFile; fileRef = E165AF2929C691B7000E3E57 /* AuthViewModel.swift */; };
		E165AF2C29C69B59000E3E57 /* HomeView.swift in Sources */ = {isa = PBXBuildFile; fileRef = E165AF2B29C69B59000E3E57 /* HomeView.swift */; };
		E165AF2E29C6A041000E3E57 /* FeedView.swift in Sources */ = {isa = PBXBuildFile; fileRef = E165AF2D29C6A041000E3E57 /* FeedView.swift */; };
		E165AF3029C6A055000E3E57 /* ProfileView.swift in Sources */ = {isa = PBXBuildFile; fileRef = E165AF2F29C6A055000E3E57 /* ProfileView.swift */; };
		E1B7A3E929C6D36F002282AE /* FirestoreManager.swift in Sources */ = {isa = PBXBuildFile; fileRef = E1B7A3E829C6D36F002282AE /* FirestoreManager.swift */; };
/* End PBXBuildFile section */

/* Begin PBXFileReference section */
		E137175529C72B5F00F8C12A /* CompleteProfileView.swift */ = {isa = PBXFileReference; lastKnownFileType = sourcecode.swift; path = CompleteProfileView.swift; sourceTree = "<group>"; };
		E137175729C80B9200F8C12A /* Firestore Objects.swift */ = {isa = PBXFileReference; lastKnownFileType = sourcecode.swift; path = "Firestore Objects.swift"; sourceTree = "<group>"; };
		E137175929C873BC00F8C12A /* Post.swift */ = {isa = PBXFileReference; lastKnownFileType = sourcecode.swift; path = Post.swift; sourceTree = "<group>"; };
		E165AF0729C4305B000E3E57 /* vibely.app */ = {isa = PBXFileReference; explicitFileType = wrapper.application; includeInIndex = 0; path = vibely.app; sourceTree = BUILT_PRODUCTS_DIR; };
		E165AF0A29C4305B000E3E57 /* vibelyApp.swift */ = {isa = PBXFileReference; lastKnownFileType = sourcecode.swift; path = vibelyApp.swift; sourceTree = "<group>"; };
		E165AF0C29C4305B000E3E57 /* MainView.swift */ = {isa = PBXFileReference; lastKnownFileType = sourcecode.swift; path = MainView.swift; sourceTree = "<group>"; };
		E165AF0E29C4305D000E3E57 /* Assets.xcassets */ = {isa = PBXFileReference; lastKnownFileType = folder.assetcatalog; path = Assets.xcassets; sourceTree = "<group>"; };
		E165AF1129C4305D000E3E57 /* Preview Assets.xcassets */ = {isa = PBXFileReference; lastKnownFileType = folder.assetcatalog; path = "Preview Assets.xcassets"; sourceTree = "<group>"; };
		E165AF1B29C431C2000E3E57 /* SignUpView.swift */ = {isa = PBXFileReference; lastKnownFileType = sourcecode.swift; path = SignUpView.swift; sourceTree = "<group>"; };
		E165AF1D29C68CD9000E3E57 /* LoginView.swift */ = {isa = PBXFileReference; lastKnownFileType = sourcecode.swift; path = LoginView.swift; sourceTree = "<group>"; };
		E165AF1F29C68E21000E3E57 /* GoogleService-Info.plist */ = {isa = PBXFileReference; fileEncoding = 4; lastKnownFileType = text.plist.xml; path = "GoogleService-Info.plist"; sourceTree = "<group>"; };
		E165AF2929C691B7000E3E57 /* AuthViewModel.swift */ = {isa = PBXFileReference; lastKnownFileType = sourcecode.swift; path = AuthViewModel.swift; sourceTree = "<group>"; };
		E165AF2B29C69B59000E3E57 /* HomeView.swift */ = {isa = PBXFileReference; lastKnownFileType = sourcecode.swift; path = HomeView.swift; sourceTree = "<group>"; };
		E165AF2D29C6A041000E3E57 /* FeedView.swift */ = {isa = PBXFileReference; lastKnownFileType = sourcecode.swift; path = FeedView.swift; sourceTree = "<group>"; };
		E165AF2F29C6A055000E3E57 /* ProfileView.swift */ = {isa = PBXFileReference; lastKnownFileType = sourcecode.swift; path = ProfileView.swift; sourceTree = "<group>"; };
		E1B7A3E829C6D36F002282AE /* FirestoreManager.swift */ = {isa = PBXFileReference; lastKnownFileType = sourcecode.swift; path = FirestoreManager.swift; sourceTree = "<group>"; };
/* End PBXFileReference section */

/* Begin PBXFrameworksBuildPhase section */
		E165AF0429C4305B000E3E57 /* Frameworks */ = {
			isa = PBXFrameworksBuildPhase;
			buildActionMask = 2147483647;
			files = (
				E165AF2329C6902B000E3E57 /* FirebaseAuth in Frameworks */,
				E165AF2529C6902B000E3E57 /* FirebaseFirestore in Frameworks */,
				E165AF2729C6902B000E3E57 /* FirebaseFirestoreSwift in Frameworks */,
			);
			runOnlyForDeploymentPostprocessing = 0;
		};
/* End PBXFrameworksBuildPhase section */

/* Begin PBXGroup section */
		E165AEFE29C4305B000E3E57 = {
			isa = PBXGroup;
			children = (
				E165AF0929C4305B000E3E57 /* vibely */,
				E165AF0829C4305B000E3E57 /* Products */,
			);
			sourceTree = "<group>";
		};
		E165AF0829C4305B000E3E57 /* Products */ = {
			isa = PBXGroup;
			children = (
				E165AF0729C4305B000E3E57 /* vibely.app */,
			);
			name = Products;
			sourceTree = "<group>";
		};
		E165AF0929C4305B000E3E57 /* vibely */ = {
			isa = PBXGroup;
			children = (
				E165AF1F29C68E21000E3E57 /* GoogleService-Info.plist */,
				E165AF0A29C4305B000E3E57 /* vibelyApp.swift */,
				E165AF1A29C4316F000E3E57 /* Model */,
				E165AF1829C43149000E3E57 /* View */,
				E165AF1929C43155000E3E57 /* ViewModel */,
				E165AF0E29C4305D000E3E57 /* Assets.xcassets */,
				E165AF1029C4305D000E3E57 /* Preview Content */,
			);
			path = vibely;
			sourceTree = "<group>";
		};
		E165AF1029C4305D000E3E57 /* Preview Content */ = {
			isa = PBXGroup;
			children = (
				E165AF1129C4305D000E3E57 /* Preview Assets.xcassets */,
			);
			path = "Preview Content";
			sourceTree = "<group>";
		};
		E165AF1829C43149000E3E57 /* View */ = {
			isa = PBXGroup;
			children = (
				E165AF0C29C4305B000E3E57 /* MainView.swift */,
				E165AF1B29C431C2000E3E57 /* SignUpView.swift */,
				E165AF1D29C68CD9000E3E57 /* LoginView.swift */,
				E165AF2B29C69B59000E3E57 /* HomeView.swift */,
				E165AF2D29C6A041000E3E57 /* FeedView.swift */,
				E165AF2F29C6A055000E3E57 /* ProfileView.swift */,
				E137175529C72B5F00F8C12A /* CompleteProfileView.swift */,
				E137175929C873BC00F8C12A /* Post.swift */,
			);
			path = View;
			sourceTree = "<group>";
		};
		E165AF1929C43155000E3E57 /* ViewModel */ = {
			isa = PBXGroup;
			children = (
				E165AF2929C691B7000E3E57 /* AuthViewModel.swift */,
			);
			path = ViewModel;
			sourceTree = "<group>";
		};
		E165AF1A29C4316F000E3E57 /* Model */ = {
			isa = PBXGroup;
			children = (
				E1B7A3E829C6D36F002282AE /* FirestoreManager.swift */,
				E137175729C80B9200F8C12A /* Firestore Objects.swift */,
			);
			path = Model;
			sourceTree = "<group>";
		};
/* End PBXGroup section */

/* Begin PBXNativeTarget section */
		E165AF0629C4305B000E3E57 /* vibely */ = {
			isa = PBXNativeTarget;
			buildConfigurationList = E165AF1529C4305D000E3E57 /* Build configuration list for PBXNativeTarget "vibely" */;
			buildPhases = (
				E165AF0329C4305B000E3E57 /* Sources */,
				E165AF0429C4305B000E3E57 /* Frameworks */,
				E165AF0529C4305B000E3E57 /* Resources */,
			);
			buildRules = (
			);
			dependencies = (
			);
			name = vibely;
			packageProductDependencies = (
				E165AF2229C6902B000E3E57 /* FirebaseAuth */,
				E165AF2429C6902B000E3E57 /* FirebaseFirestore */,
				E165AF2629C6902B000E3E57 /* FirebaseFirestoreSwift */,
			);
			productName = vibely;
			productReference = E165AF0729C4305B000E3E57 /* vibely.app */;
			productType = "com.apple.product-type.application";
		};
/* End PBXNativeTarget section */

/* Begin PBXProject section */
		E165AEFF29C4305B000E3E57 /* Project object */ = {
			isa = PBXProject;
			attributes = {
				BuildIndependentTargetsInParallel = 1;
				LastSwiftUpdateCheck = 1420;
				LastUpgradeCheck = 1420;
				TargetAttributes = {
					E165AF0629C4305B000E3E57 = {
						CreatedOnToolsVersion = 14.2;
					};
				};
			};
			buildConfigurationList = E165AF0229C4305B000E3E57 /* Build configuration list for PBXProject "vibely" */;
			compatibilityVersion = "Xcode 14.0";
			developmentRegion = en;
			hasScannedForEncodings = 0;
			knownRegions = (
				en,
				Base,
			);
			mainGroup = E165AEFE29C4305B000E3E57;
			packageReferences = (
				E165AF2129C6902B000E3E57 /* XCRemoteSwiftPackageReference "firebase-ios-sdk" */,
			);
			productRefGroup = E165AF0829C4305B000E3E57 /* Products */;
			projectDirPath = "";
			projectRoot = "";
			targets = (
				E165AF0629C4305B000E3E57 /* vibely */,
			);
		};
/* End PBXProject section */

/* Begin PBXResourcesBuildPhase section */
		E165AF0529C4305B000E3E57 /* Resources */ = {
			isa = PBXResourcesBuildPhase;
			buildActionMask = 2147483647;
			files = (
				E165AF1229C4305D000E3E57 /* Preview Assets.xcassets in Resources */,
				E165AF0F29C4305D000E3E57 /* Assets.xcassets in Resources */,
				E165AF2029C68E21000E3E57 /* GoogleService-Info.plist in Resources */,
			);
			runOnlyForDeploymentPostprocessing = 0;
		};
/* End PBXResourcesBuildPhase section */

/* Begin PBXSourcesBuildPhase section */
		E165AF0329C4305B000E3E57 /* Sources */ = {
			isa = PBXSourcesBuildPhase;
			buildActionMask = 2147483647;
			files = (
				E165AF3029C6A055000E3E57 /* ProfileView.swift in Sources */,
				E165AF0D29C4305B000E3E57 /* MainView.swift in Sources */,
				E165AF1C29C431C2000E3E57 /* SignUpView.swift in Sources */,
				E137175A29C873BC00F8C12A /* Post.swift in Sources */,
				E165AF2A29C691B7000E3E57 /* AuthViewModel.swift in Sources */,
				E165AF2C29C69B59000E3E57 /* HomeView.swift in Sources */,
				E137175629C72B5F00F8C12A /* CompleteProfileView.swift in Sources */,
				E165AF0B29C4305B000E3E57 /* vibelyApp.swift in Sources */,
				E165AF1E29C68CDA000E3E57 /* LoginView.swift in Sources */,
				E137175829C80B9200F8C12A /* Firestore Objects.swift in Sources */,
				E1B7A3E929C6D36F002282AE /* FirestoreManager.swift in Sources */,
				E165AF2E29C6A041000E3E57 /* FeedView.swift in Sources */,
			);
			runOnlyForDeploymentPostprocessing = 0;
		};
/* End PBXSourcesBuildPhase section */

/* Begin XCBuildConfiguration section */
		E165AF1329C4305D000E3E57 /* Debug */ = {
			isa = XCBuildConfiguration;
			buildSettings = {
				ALWAYS_SEARCH_USER_PATHS = NO;
				CLANG_ANALYZER_NONNULL = YES;
				CLANG_ANALYZER_NUMBER_OBJECT_CONVERSION = YES_AGGRESSIVE;
				CLANG_CXX_LANGUAGE_STANDARD = "gnu++20";
				CLANG_ENABLE_MODULES = YES;
				CLANG_ENABLE_OBJC_ARC = YES;
				CLANG_ENABLE_OBJC_WEAK = YES;
				CLANG_WARN_BLOCK_CAPTURE_AUTORELEASING = YES;
				CLANG_WARN_BOOL_CONVERSION = YES;
				CLANG_WARN_COMMA = YES;
				CLANG_WARN_CONSTANT_CONVERSION = YES;
				CLANG_WARN_DEPRECATED_OBJC_IMPLEMENTATIONS = YES;
				CLANG_WARN_DIRECT_OBJC_ISA_USAGE = YES_ERROR;
				CLANG_WARN_DOCUMENTATION_COMMENTS = YES;
				CLANG_WARN_EMPTY_BODY = YES;
				CLANG_WARN_ENUM_CONVERSION = YES;
				CLANG_WARN_INFINITE_RECURSION = YES;
				CLANG_WARN_INT_CONVERSION = YES;
				CLANG_WARN_NON_LITERAL_NULL_CONVERSION = YES;
				CLANG_WARN_OBJC_IMPLICIT_RETAIN_SELF = YES;
				CLANG_WARN_OBJC_LITERAL_CONVERSION = YES;
				CLANG_WARN_OBJC_ROOT_CLASS = YES_ERROR;
				CLANG_WARN_QUOTED_INCLUDE_IN_FRAMEWORK_HEADER = YES;
				CLANG_WARN_RANGE_LOOP_ANALYSIS = YES;
				CLANG_WARN_STRICT_PROTOTYPES = YES;
				CLANG_WARN_SUSPICIOUS_MOVE = YES;
				CLANG_WARN_UNGUARDED_AVAILABILITY = YES_AGGRESSIVE;
				CLANG_WARN_UNREACHABLE_CODE = YES;
				CLANG_WARN__DUPLICATE_METHOD_MATCH = YES;
				COPY_PHASE_STRIP = NO;
				DEBUG_INFORMATION_FORMAT = dwarf;
				ENABLE_STRICT_OBJC_MSGSEND = YES;
				ENABLE_TESTABILITY = YES;
				GCC_C_LANGUAGE_STANDARD = gnu11;
				GCC_DYNAMIC_NO_PIC = NO;
				GCC_NO_COMMON_BLOCKS = YES;
				GCC_OPTIMIZATION_LEVEL = 0;
				GCC_PREPROCESSOR_DEFINITIONS = (
					"DEBUG=1",
					"$(inherited)",
				);
				GCC_WARN_64_TO_32_BIT_CONVERSION = YES;
				GCC_WARN_ABOUT_RETURN_TYPE = YES_ERROR;
				GCC_WARN_UNDECLARED_SELECTOR = YES;
				GCC_WARN_UNINITIALIZED_AUTOS = YES_AGGRESSIVE;
				GCC_WARN_UNUSED_FUNCTION = YES;
				GCC_WARN_UNUSED_VARIABLE = YES;
				IPHONEOS_DEPLOYMENT_TARGET = 16.2;
				MTL_ENABLE_DEBUG_INFO = INCLUDE_SOURCE;
				MTL_FAST_MATH = YES;
				ONLY_ACTIVE_ARCH = YES;
				SDKROOT = iphoneos;
				SWIFT_ACTIVE_COMPILATION_CONDITIONS = DEBUG;
				SWIFT_OPTIMIZATION_LEVEL = "-Onone";
			};
			name = Debug;
		};
		E165AF1429C4305D000E3E57 /* Release */ = {
			isa = XCBuildConfiguration;
			buildSettings = {
				ALWAYS_SEARCH_USER_PATHS = NO;
				CLANG_ANALYZER_NONNULL = YES;
				CLANG_ANALYZER_NUMBER_OBJECT_CONVERSION = YES_AGGRESSIVE;
				CLANG_CXX_LANGUAGE_STANDARD = "gnu++20";
				CLANG_ENABLE_MODULES = YES;
				CLANG_ENABLE_OBJC_ARC = YES;
				CLANG_ENABLE_OBJC_WEAK = YES;
				CLANG_WARN_BLOCK_CAPTURE_AUTORELEASING = YES;
				CLANG_WARN_BOOL_CONVERSION = YES;
				CLANG_WARN_COMMA = YES;
				CLANG_WARN_CONSTANT_CONVERSION = YES;
				CLANG_WARN_DEPRECATED_OBJC_IMPLEMENTATIONS = YES;
				CLANG_WARN_DIRECT_OBJC_ISA_USAGE = YES_ERROR;
				CLANG_WARN_DOCUMENTATION_COMMENTS = YES;
				CLANG_WARN_EMPTY_BODY = YES;
				CLANG_WARN_ENUM_CONVERSION = YES;
				CLANG_WARN_INFINITE_RECURSION = YES;
				CLANG_WARN_INT_CONVERSION = YES;
				CLANG_WARN_NON_LITERAL_NULL_CONVERSION = YES;
				CLANG_WARN_OBJC_IMPLICIT_RETAIN_SELF = YES;
				CLANG_WARN_OBJC_LITERAL_CONVERSION = YES;
				CLANG_WARN_OBJC_ROOT_CLASS = YES_ERROR;
				CLANG_WARN_QUOTED_INCLUDE_IN_FRAMEWORK_HEADER = YES;
				CLANG_WARN_RANGE_LOOP_ANALYSIS = YES;
				CLANG_WARN_STRICT_PROTOTYPES = YES;
				CLANG_WARN_SUSPICIOUS_MOVE = YES;
				CLANG_WARN_UNGUARDED_AVAILABILITY = YES_AGGRESSIVE;
				CLANG_WARN_UNREACHABLE_CODE = YES;
				CLANG_WARN__DUPLICATE_METHOD_MATCH = YES;
				COPY_PHASE_STRIP = NO;
				DEBUG_INFORMATION_FORMAT = "dwarf-with-dsym";
				ENABLE_NS_ASSERTIONS = NO;
				ENABLE_STRICT_OBJC_MSGSEND = YES;
				GCC_C_LANGUAGE_STANDARD = gnu11;
				GCC_NO_COMMON_BLOCKS = YES;
				GCC_WARN_64_TO_32_BIT_CONVERSION = YES;
				GCC_WARN_ABOUT_RETURN_TYPE = YES_ERROR;
				GCC_WARN_UNDECLARED_SELECTOR = YES;
				GCC_WARN_UNINITIALIZED_AUTOS = YES_AGGRESSIVE;
				GCC_WARN_UNUSED_FUNCTION = YES;
				GCC_WARN_UNUSED_VARIABLE = YES;
				IPHONEOS_DEPLOYMENT_TARGET = 16.2;
				MTL_ENABLE_DEBUG_INFO = NO;
				MTL_FAST_MATH = YES;
				SDKROOT = iphoneos;
				SWIFT_COMPILATION_MODE = wholemodule;
				SWIFT_OPTIMIZATION_LEVEL = "-O";
				VALIDATE_PRODUCT = YES;
			};
			name = Release;
		};
		E165AF1629C4305D000E3E57 /* Debug */ = {
			isa = XCBuildConfiguration;
			buildSettings = {
				ASSETCATALOG_COMPILER_APPICON_NAME = AppIcon;
				ASSETCATALOG_COMPILER_GLOBAL_ACCENT_COLOR_NAME = AccentColor;
				CODE_SIGN_STYLE = Automatic;
				CURRENT_PROJECT_VERSION = 1;
				DEVELOPMENT_ASSET_PATHS = "\"vibely/Preview Content\"";
				DEVELOPMENT_TEAM = LBCRF4Q4ZD;
				ENABLE_PREVIEWS = YES;
				GENERATE_INFOPLIST_FILE = YES;
				INFOPLIST_KEY_UIApplicationSceneManifest_Generation = YES;
				INFOPLIST_KEY_UIApplicationSupportsIndirectInputEvents = YES;
				INFOPLIST_KEY_UILaunchScreen_Generation = YES;
				INFOPLIST_KEY_UISupportedInterfaceOrientations_iPad = "UIInterfaceOrientationPortrait UIInterfaceOrientationPortraitUpsideDown UIInterfaceOrientationLandscapeLeft UIInterfaceOrientationLandscapeRight";
				INFOPLIST_KEY_UISupportedInterfaceOrientations_iPhone = "UIInterfaceOrientationPortrait UIInterfaceOrientationLandscapeLeft UIInterfaceOrientationLandscapeRight";
				LD_RUNPATH_SEARCH_PATHS = (
					"$(inherited)",
					"@executable_path/Frameworks",
				);
				MARKETING_VERSION = 1.0;
				PRODUCT_BUNDLE_IDENTIFIER = com.murvoth.vibely;
				PRODUCT_NAME = "$(TARGET_NAME)";
				SWIFT_EMIT_LOC_STRINGS = YES;
				SWIFT_VERSION = 5.0;
				TARGETED_DEVICE_FAMILY = "1,2";
			};
			name = Debug;
		};
		E165AF1729C4305D000E3E57 /* Release */ = {
			isa = XCBuildConfiguration;
			buildSettings = {
				ASSETCATALOG_COMPILER_APPICON_NAME = AppIcon;
				ASSETCATALOG_COMPILER_GLOBAL_ACCENT_COLOR_NAME = AccentColor;
				CODE_SIGN_STYLE = Automatic;
				CURRENT_PROJECT_VERSION = 1;
				DEVELOPMENT_ASSET_PATHS = "\"vibely/Preview Content\"";
				DEVELOPMENT_TEAM = LBCRF4Q4ZD;
				ENABLE_PREVIEWS = YES;
				GENERATE_INFOPLIST_FILE = YES;
				INFOPLIST_KEY_UIApplicationSceneManifest_Generation = YES;
				INFOPLIST_KEY_UIApplicationSupportsIndirectInputEvents = YES;
				INFOPLIST_KEY_UILaunchScreen_Generation = YES;
				INFOPLIST_KEY_UISupportedInterfaceOrientations_iPad = "UIInterfaceOrientationPortrait UIInterfaceOrientationPortraitUpsideDown UIInterfaceOrientationLandscapeLeft UIInterfaceOrientationLandscapeRight";
				INFOPLIST_KEY_UISupportedInterfaceOrientations_iPhone = "UIInterfaceOrientationPortrait UIInterfaceOrientationLandscapeLeft UIInterfaceOrientationLandscapeRight";
				LD_RUNPATH_SEARCH_PATHS = (
					"$(inherited)",
					"@executable_path/Frameworks",
				);
				MARKETING_VERSION = 1.0;
				PRODUCT_BUNDLE_IDENTIFIER = com.murvoth.vibely;
				PRODUCT_NAME = "$(TARGET_NAME)";
				SWIFT_EMIT_LOC_STRINGS = YES;
				SWIFT_VERSION = 5.0;
				TARGETED_DEVICE_FAMILY = "1,2";
			};
			name = Release;
		};
/* End XCBuildConfiguration section */

/* Begin XCConfigurationList section */
		E165AF0229C4305B000E3E57 /* Build configuration list for PBXProject "vibely" */ = {
			isa = XCConfigurationList;
			buildConfigurations = (
				E165AF1329C4305D000E3E57 /* Debug */,
				E165AF1429C4305D000E3E57 /* Release */,
			);
			defaultConfigurationIsVisible = 0;
			defaultConfigurationName = Release;
		};
		E165AF1529C4305D000E3E57 /* Build configuration list for PBXNativeTarget "vibely" */ = {
			isa = XCConfigurationList;
			buildConfigurations = (
				E165AF1629C4305D000E3E57 /* Debug */,
				E165AF1729C4305D000E3E57 /* Release */,
			);
			defaultConfigurationIsVisible = 0;
			defaultConfigurationName = Release;
		};
/* End XCConfigurationList section */

/* Begin XCRemoteSwiftPackageReference section */
		E165AF2129C6902B000E3E57 /* XCRemoteSwiftPackageReference "firebase-ios-sdk" */ = {
			isa = XCRemoteSwiftPackageReference;
			repositoryURL = "https://github.com/firebase/firebase-ios-sdk";
			requirement = {
				kind = upToNextMajorVersion;
				minimumVersion = 9.0.0;
			};
		};
/* End XCRemoteSwiftPackageReference section */

/* Begin XCSwiftPackageProductDependency section */
		E165AF2229C6902B000E3E57 /* FirebaseAuth */ = {
			isa = XCSwiftPackageProductDependency;
			package = E165AF2129C6902B000E3E57 /* XCRemoteSwiftPackageReference "firebase-ios-sdk" */;
			productName = FirebaseAuth;
		};
		E165AF2429C6902B000E3E57 /* FirebaseFirestore */ = {
			isa = XCSwiftPackageProductDependency;
			package = E165AF2129C6902B000E3E57 /* XCRemoteSwiftPackageReference "firebase-ios-sdk" */;
			productName = FirebaseFirestore;
		};
		E165AF2629C6902B000E3E57 /* FirebaseFirestoreSwift */ = {
			isa = XCSwiftPackageProductDependency;
			package = E165AF2129C6902B000E3E57 /* XCRemoteSwiftPackageReference "firebase-ios-sdk" */;
			productName = FirebaseFirestoreSwift;
		};
/* End XCSwiftPackageProductDependency section */
	};
	rootObject = E165AEFF29C4305B000E3E57 /* Project object */;
}
